{
  "version": 4,
  "terraform_version": "1.10.1",
  "serial": 1,
  "lineage": "dec38b3d-9867-1ab5-3837-50bf0d2be8c2",
  "outputs": {},
  "resources": [
    {
      "mode": "data",
      "type": "azurerm_container_registry",
      "name": "existing_acr",
      "provider": "provider[\"registry.terraform.io/hashicorp/azurerm\"]",
      "instances": [
        {
          "schema_version": 0,
          "attributes": {
            "admin_enabled": false,
            "admin_password": null,
            "admin_username": null,
            "data_endpoint_enabled": false,
            "id": "/subscriptions/5b4552b9-d320-496d-9127-fe7d64d94980/resourceGroups/v2train/providers/Microsoft.ContainerRegistry/registries/v2train",
            "location": "eastus",
            "login_server": "v2train.azurecr.io",
            "name": "v2train",
            "resource_group_name": "v2train",
            "sku": "Basic",
            "tags": {},
            "timeouts": null
          },
          "sensitive_attributes": []
        }
      ]
    },
    {
      "mode": "managed",
      "type": "azurerm_resource_group",
      "name": "rg",
      "provider": "provider[\"registry.terraform.io/hashicorp/azurerm\"]",
      "instances": [
        {
          "schema_version": 0,
          "attributes": {
            "id": "/subscriptions/5b4552b9-d320-496d-9127-fe7d64d94980/resourceGroups/v2Train",
            "location": "eastus",
            "managed_by": "",
            "name": "v2Train",
            "tags": {},
            "timeouts": null
          },
          "sensitive_attributes": [],
          "private": "eyJlMmJmYjczMC1lY2FhLTExZTYtOGY4OC0zNDM2M2JjN2M0YzAiOnsiY3JlYXRlIjo1NDAwMDAwMDAwMDAwLCJkZWxldGUiOjU0MDAwMDAwMDAwMDAsInJlYWQiOjMwMDAwMDAwMDAwMCwidXBkYXRlIjo1NDAwMDAwMDAwMDAwfSwic2NoZW1hX3ZlcnNpb24iOiIwIn0="
        }
      ]
    }
  ],
  "check_results": null
}
